
Microsoft Visual Studio Solution File, Format Version 12.00
# Visual Studio Version 17
VisualStudioVersion = 17.0.31903.59
MinimumVisualStudioVersion = 10.0.40219.1
Project("{FAE04EC0-301F-11D3-BF4B-00C04F79EFBC}") = "tic-tac-yellow-belt", "tic-tac-yellow-belt\tic-tac-yellow-belt.csproj", "{A88FFDB3-BF34-4EE8-83B0-88C51908DBE5}"
EndProject
Project("{FAE04EC0-301F-11D3-BF4B-00C04F79EFBC}") = "Test", "Test\Test.csproj", "{B2E97082-AA88-4D7C-AF13-DC5A61260274}"
EndProject
Global
	GlobalSection(SolutionConfigurationPlatforms) = preSolution
		Debug|Any CPU = Debug|Any CPU
		Release|Any CPU = Release|Any CPU
	EndGlobalSection
	GlobalSection(SolutionProperties) = preSolution
		HideSolutionNode = FALSE
	EndGlobalSection
	GlobalSection(ProjectConfigurationPlatforms) = postSolution
		{A88FFDB3-BF34-4EE8-83B0-88C51908DBE5}.Debug|Any CPU.ActiveCfg = Debug|Any CPU
		{A88FFDB3-BF34-4EE8-83B0-88C51908DBE5}.Debug|Any CPU.Build.0 = Debug|Any CPU
		{A88FFDB3-BF34-4EE8-83B0-88C51908DBE5}.Release|Any CPU.ActiveCfg = Release|Any CPU
		{A88FFDB3-BF34-4EE8-83B0-88C51908DBE5}.Release|Any CPU.Build.0 = Release|Any CPU
		{B2E97082-AA88-4D7C-AF13-DC5A61260274}.Debug|Any CPU.ActiveCfg = Debug|Any CPU
		{B2E97082-AA88-4D7C-AF13-DC5A61260274}.Debug|Any CPU.Build.0 = Debug|Any CPU
		{B2E97082-AA88-4D7C-AF13-DC5A61260274}.Release|Any CPU.ActiveCfg = Release|Any CPU
		{B2E97082-AA88-4D7C-AF13-DC5A61260274}.Release|Any CPU.Build.0 = Release|Any CPU
	EndGlobalSection
EndGlobal
